
Microsoft Visual Studio Solution File, Format Version 12.00
# Visual Studio Version 16
VisualStudioVersion = 25.0.1706.12
MinimumVisualStudioVersion = 10.0.40219.1
Project("{FAE04EC0-301F-11D3-BF4B-00C04F79EFBC}") = "CCPMobileApp", "CCPMobileApp\CCPMobileApp.csproj", "{AD643A2C-CF8B-46C5-9A74-7B0C8D7E90CF}"
EndProject
Global
	GlobalSection(SolutionConfigurationPlatforms) = preSolution
		Debug|Any CPU = Debug|Any CPU
		Release|Any CPU = Release|Any CPU
	EndGlobalSection
	GlobalSection(ProjectConfigurationPlatforms) = postSolution
		{AD643A2C-CF8B-46C5-9A74-7B0C8D7E90CF}.Debug|Any CPU.ActiveCfg = Debug|Any CPU
		{AD643A2C-CF8B-46C5-9A74-7B0C8D7E90CF}.Debug|Any CPU.Build.0 = Debug|Any CPU
		{AD643A2C-CF8B-46C5-9A74-7B0C8D7E90CF}.Release|Any CPU.ActiveCfg = Release|Any CPU
		{AD643A2C-CF8B-46C5-9A74-7B0C8D7E90CF}.Release|Any CPU.Build.0 = Release|Any CPU
	EndGlobalSection
	GlobalSection(SolutionProperties) = preSolution
		HideSolutionNode = FALSE
	EndGlobalSection
	GlobalSection(ExtensibilityGlobals) = postSolution
		SolutionGuid = {75F10175-F565-472B-A217-2AB635F04576}
	EndGlobalSection
EndGlobal
